
Microsoft Visual Studio Solution File, Format Version 12.00
# Visual Studio Version 17
VisualStudioVersion = 17.9.34622.214
MinimumVisualStudioVersion = 10.0.40219.1
Project("{FAE04EC0-301F-11D3-BF4B-00C04F79EFBC}") = "UserService", "UserService\UserService.csproj", "{D85DA486-4F94-4E2B-AA6B-F3F1E88A2CE8}"
EndProject
Project("{FAE04EC0-301F-11D3-BF4B-00C04F79EFBC}") = "PostService", "PostService\PostService.csproj", "{722D2CE2-6259-43BE-932D-1DF3A17BCE64}"
EndProject
Global
	GlobalSection(SolutionConfigurationPlatforms) = preSolution
		Debug|Any CPU = Debug|Any CPU
		Release|Any CPU = Release|Any CPU
	EndGlobalSection
	GlobalSection(ProjectConfigurationPlatforms) = postSolution
		{D85DA486-4F94-4E2B-AA6B-F3F1E88A2CE8}.Debug|Any CPU.ActiveCfg = Debug|Any CPU
		{D85DA486-4F94-4E2B-AA6B-F3F1E88A2CE8}.Debug|Any CPU.Build.0 = Debug|Any CPU
		{D85DA486-4F94-4E2B-AA6B-F3F1E88A2CE8}.Release|Any CPU.ActiveCfg = Release|Any CPU
		{D85DA486-4F94-4E2B-AA6B-F3F1E88A2CE8}.Release|Any CPU.Build.0 = Release|Any CPU
		{722D2CE2-6259-43BE-932D-1DF3A17BCE64}.Debug|Any CPU.ActiveCfg = Debug|Any CPU
		{722D2CE2-6259-43BE-932D-1DF3A17BCE64}.Debug|Any CPU.Build.0 = Debug|Any CPU
		{722D2CE2-6259-43BE-932D-1DF3A17BCE64}.Release|Any CPU.ActiveCfg = Release|Any CPU
		{722D2CE2-6259-43BE-932D-1DF3A17BCE64}.Release|Any CPU.Build.0 = Release|Any CPU
	EndGlobalSection
	GlobalSection(SolutionProperties) = preSolution
		HideSolutionNode = FALSE
	EndGlobalSection
	GlobalSection(ExtensibilityGlobals) = postSolution
		SolutionGuid = {39079EC3-E954-4637-BA04-6F80AF6DF365}
	EndGlobalSection
EndGlobal
